
Microsoft Visual Studio Solution File, Format Version 12.00
# Visual Studio 15
VisualStudioVersion = 15.0.27130.2003
MinimumVisualStudioVersion = 10.0.40219.1
Project("{FAE04EC0-301F-11D3-BF4B-00C04F79EFBC}") = "QRCodeEncoderDemo", "QRCodeEncoderDemo\QRCodeEncoderDemo.csproj", "{81041BF8-47F0-4F8B-8014-66C53739E948}"
EndProject
Project("{FAE04EC0-301F-11D3-BF4B-00C04F79EFBC}") = "QRCodeDecoderDemo", "QRCodeDecoderDemo\QRCodeDecoderDemo.csproj", "{0DC5EE49-E223-4337-8333-FE77F9657511}"
EndProject
Project("{FAE04EC0-301F-11D3-BF4B-00C04F79EFBC}") = "QRCodeEncoderDecoderLibrary", "QRCodeEncoderDecoderLibrary\QRCodeEncoderDecoderLibrary.csproj", "{609656C8-4550-40D0-B039-999CEC29F37D}"
EndProject
Project("{FAE04EC0-301F-11D3-BF4B-00C04F79EFBC}") = "QRCodeVideoDecoder", "QRCodeVideoDecoder\QRCodeVideoDecoder.csproj", "{85E0FF86-53B2-4400-9C97-B90710230F11}"
EndProject
Global
	GlobalSection(SolutionConfigurationPlatforms) = preSolution
		Debug|Any CPU = Debug|Any CPU
		Debug|x86 = Debug|x86
		Release|Any CPU = Release|Any CPU
		Release|x86 = Release|x86
	EndGlobalSection
	GlobalSection(ProjectConfigurationPlatforms) = postSolution
		{81041BF8-47F0-4F8B-8014-66C53739E948}.Debug|Any CPU.ActiveCfg = Debug|Any CPU
		{81041BF8-47F0-4F8B-8014-66C53739E948}.Debug|Any CPU.Build.0 = Debug|Any CPU
		{81041BF8-47F0-4F8B-8014-66C53739E948}.Debug|x86.ActiveCfg = Debug|Any CPU
		{81041BF8-47F0-4F8B-8014-66C53739E948}.Debug|x86.Build.0 = Debug|Any CPU
		{81041BF8-47F0-4F8B-8014-66C53739E948}.Release|Any CPU.ActiveCfg = Release|Any CPU
		{81041BF8-47F0-4F8B-8014-66C53739E948}.Release|Any CPU.Build.0 = Release|Any CPU
		{81041BF8-47F0-4F8B-8014-66C53739E948}.Release|x86.ActiveCfg = Release|Any CPU
		{81041BF8-47F0-4F8B-8014-66C53739E948}.Release|x86.Build.0 = Release|Any CPU
		{0DC5EE49-E223-4337-8333-FE77F9657511}.Debug|Any CPU.ActiveCfg = Debug|Any CPU
		{0DC5EE49-E223-4337-8333-FE77F9657511}.Debug|Any CPU.Build.0 = Debug|Any CPU
		{0DC5EE49-E223-4337-8333-FE77F9657511}.Debug|x86.ActiveCfg = Debug|Any CPU
		{0DC5EE49-E223-4337-8333-FE77F9657511}.Debug|x86.Build.0 = Debug|Any CPU
		{0DC5EE49-E223-4337-8333-FE77F9657511}.Release|Any CPU.ActiveCfg = Release|Any CPU
		{0DC5EE49-E223-4337-8333-FE77F9657511}.Release|Any CPU.Build.0 = Release|Any CPU
		{0DC5EE49-E223-4337-8333-FE77F9657511}.Release|x86.ActiveCfg = Release|Any CPU
		{0DC5EE49-E223-4337-8333-FE77F9657511}.Release|x86.Build.0 = Release|Any CPU
		{609656C8-4550-40D0-B039-999CEC29F37D}.Debug|Any CPU.ActiveCfg = Debug|Any CPU
		{609656C8-4550-40D0-B039-999CEC29F37D}.Debug|Any CPU.Build.0 = Debug|Any CPU
		{609656C8-4550-40D0-B039-999CEC29F37D}.Debug|x86.ActiveCfg = Debug|Any CPU
		{609656C8-4550-40D0-B039-999CEC29F37D}.Debug|x86.Build.0 = Debug|Any CPU
		{609656C8-4550-40D0-B039-999CEC29F37D}.Release|Any CPU.ActiveCfg = Release|Any CPU
		{609656C8-4550-40D0-B039-999CEC29F37D}.Release|Any CPU.Build.0 = Release|Any CPU
		{609656C8-4550-40D0-B039-999CEC29F37D}.Release|x86.ActiveCfg = Release|Any CPU
		{609656C8-4550-40D0-B039-999CEC29F37D}.Release|x86.Build.0 = Release|Any CPU
		{85E0FF86-53B2-4400-9C97-B90710230F11}.Debug|Any CPU.ActiveCfg = Debug|Any CPU
		{85E0FF86-53B2-4400-9C97-B90710230F11}.Debug|Any CPU.Build.0 = Debug|Any CPU
		{85E0FF86-53B2-4400-9C97-B90710230F11}.Debug|x86.ActiveCfg = Debug|Any CPU
		{85E0FF86-53B2-4400-9C97-B90710230F11}.Debug|x86.Build.0 = Debug|Any CPU
		{85E0FF86-53B2-4400-9C97-B90710230F11}.Release|Any CPU.ActiveCfg = Release|Any CPU
		{85E0FF86-53B2-4400-9C97-B90710230F11}.Release|Any CPU.Build.0 = Release|Any CPU
		{85E0FF86-53B2-4400-9C97-B90710230F11}.Release|x86.ActiveCfg = Release|Any CPU
		{85E0FF86-53B2-4400-9C97-B90710230F11}.Release|x86.Build.0 = Release|Any CPU
	EndGlobalSection
	GlobalSection(SolutionProperties) = preSolution
		HideSolutionNode = FALSE
	EndGlobalSection
	GlobalSection(ExtensibilityGlobals) = postSolution
		SolutionGuid = {B29AEA81-F249-4695-A135-2D2051F18D81}
	EndGlobalSection
EndGlobal
